{
  "version": 4,
  "terraform_version": "1.9.4",
  "serial": 36,
  "lineage": "57680ca7-963d-38e2-21d3-71bd5b8ca5d9",
  "outputs": {
    "ns-servers": {
      "value": [
        "ns-10.awsdns-01.com",
        "ns-1317.awsdns-36.org",
        "ns-1708.awsdns-21.co.uk",
        "ns-936.awsdns-53.net"
      ],
      "type": [
        "list",
        "string"
      ]
    }
  },
  "resources": [
    {
      "mode": "managed",
      "type": "aws_route53_record",
      "name": "mail1-record",
      "provider": "provider[\"registry.terraform.io/hashicorp/aws\"]",
      "instances": [
        {
          "schema_version": 2,
          "attributes": {
            "alias": [],
            "allow_overwrite": null,
            "cidr_routing_policy": [],
            "failover_routing_policy": [],
            "fqdn": "jagawsdevops.jagawsdevops.com",
            "geolocation_routing_policy": [],
            "geoproximity_routing_policy": [],
            "health_check_id": "",
            "id": "Z08498363IO847GWS7SI2_jagawsdevops_MX",
            "latency_routing_policy": [],
            "multivalue_answer_routing_policy": false,
            "name": "jagawsdevops",
            "records": [
              "1 aspmx.l.google.com.",
              "10 aspmx2.googlemail.com.",
              "10 aspmx3.googlemail.com.",
              "5 alt1.aspmx.l.google.com.",
              "5 alt2.aspmx.l.google.com."
            ],
            "set_identifier": "",
            "ttl": 300,
            "type": "MX",
            "weighted_routing_policy": [],
            "zone_id": "Z08498363IO847GWS7SI2"
          },
          "sensitive_attributes": [],
          "private": "eyJzY2hlbWFfdmVyc2lvbiI6IjIifQ==",
          "dependencies": [
            "aws_route53_zone.jagawsdevops"
          ]
        }
      ]
    },
    {
      "mode": "managed",
      "type": "aws_route53_record",
      "name": "server1-record",
      "provider": "provider[\"registry.terraform.io/hashicorp/aws\"]",
      "instances": [
        {
          "schema_version": 2,
          "attributes": {
            "alias": [],
            "allow_overwrite": null,
            "cidr_routing_policy": [],
            "failover_routing_policy": [],
            "fqdn": "server1.jagawsdevops.jagawsdevops.com",
            "geolocation_routing_policy": [],
            "geoproximity_routing_policy": [],
            "health_check_id": "",
            "id": "Z08498363IO847GWS7SI2_server1.jagawsdevops_A",
            "latency_routing_policy": [],
            "multivalue_answer_routing_policy": false,
            "name": "server1.jagawsdevops",
            "records": [
              "104.236.247.8"
            ],
            "set_identifier": "",
            "ttl": 300,
            "type": "A",
            "weighted_routing_policy": [],
            "zone_id": "Z08498363IO847GWS7SI2"
          },
          "sensitive_attributes": [],
          "private": "eyJzY2hlbWFfdmVyc2lvbiI6IjIifQ==",
          "dependencies": [
            "aws_route53_zone.jagawsdevops"
          ]
        }
      ]
    },
    {
      "mode": "managed",
      "type": "aws_route53_record",
      "name": "www-record",
      "provider": "provider[\"registry.terraform.io/hashicorp/aws\"]",
      "instances": [
        {
          "schema_version": 2,
          "attributes": {
            "alias": [],
            "allow_overwrite": null,
            "cidr_routing_policy": [],
            "failover_routing_policy": [],
            "fqdn": "www.jagawsdevops.jagawsdevops.com",
            "geolocation_routing_policy": [],
            "geoproximity_routing_policy": [],
            "health_check_id": "",
            "id": "Z08498363IO847GWS7SI2_www.jagawsdevops_A",
            "latency_routing_policy": [],
            "multivalue_answer_routing_policy": false,
            "name": "www.jagawsdevops",
            "records": [
              "104.236.247.8"
            ],
            "set_identifier": "",
            "ttl": 300,
            "type": "A",
            "weighted_routing_policy": [],
            "zone_id": "Z08498363IO847GWS7SI2"
          },
          "sensitive_attributes": [],
          "private": "eyJzY2hlbWFfdmVyc2lvbiI6IjIifQ==",
          "dependencies": [
            "aws_route53_zone.jagawsdevops"
          ]
        }
      ]
    },
    {
      "mode": "managed",
      "type": "aws_route53_zone",
      "name": "jagawsdevops",
      "provider": "provider[\"registry.terraform.io/hashicorp/aws\"]",
      "instances": [
        {
          "schema_version": 0,
          "attributes": {
            "arn": "arn:aws:route53:::hostedzone/Z08498363IO847GWS7SI2",
            "comment": "Managed by Terraform",
            "delegation_set_id": "",
            "force_destroy": false,
            "id": "Z08498363IO847GWS7SI2",
            "name": "jagawsdevops.com",
            "name_servers": [
              "ns-10.awsdns-01.com",
              "ns-1317.awsdns-36.org",
              "ns-1708.awsdns-21.co.uk",
              "ns-936.awsdns-53.net"
            ],
            "primary_name_server": "ns-10.awsdns-01.com",
            "tags": null,
            "tags_all": {},
            "vpc": [],
            "zone_id": "Z08498363IO847GWS7SI2"
          },
          "sensitive_attributes": [],
          "private": "bnVsbA=="
        }
      ]
    }
  ],
  "check_results": null
}
